
Microsoft Visual Studio Solution File, Format Version 12.00
# Visual Studio 2012
Project("{F088123C-0E9E-452A-89E6-6BA2F21D5CAC}") = "APIDoc.Modeling", "APIDoc\APIDoc.Modeling.modelproj", "{A44DB1EE-6704-406A-98A6-7C5B2221BE81}"
EndProject
Project("{FAE04EC0-301F-11D3-BF4B-00C04F79EFBC}") = "Configuration", "Configuration\Configuration.csproj", "{BC265F99-01A6-4267-9569-81271E10FEBA}"
EndProject
Project("{FAE04EC0-301F-11D3-BF4B-00C04F79EFBC}") = "Caching", "Cache\Caching.csproj", "{21FE8D1B-A188-4018-A287-6660C6A1AFC8}"
EndProject
Project("{2150E333-8FDC-42A3-9474-1A3956D46DE8}") = "_lib", "_lib", "{FBF73CA3-21CF-4729-8170-5169F464DD5A}"
EndProject
Project("{FAE04EC0-301F-11D3-BF4B-00C04F79EFBC}") = "APIDoc.Testing", "Caching.Testing\APIDoc.Testing.csproj", "{31713D6D-5151-436C-8CEA-98D0C0C5D258}"
EndProject
Project("{FAE04EC0-301F-11D3-BF4B-00C04F79EFBC}") = "Caching.Azure", "Caching.Azure\Caching.Azure.csproj", "{11CF19FE-0ACD-40C8-94F5-792C02B1914C}"
EndProject
Project("{CC5FD16D-436D-48AD-A40C-5A424C6E3E79}") = "APIDoc.Azure", "APIDoc.Azure\APIDoc.Azure.ccproj", "{AD7217F4-850A-4595-A7B5-84866946AE5B}"
EndProject
Project("{FAE04EC0-301F-11D3-BF4B-00C04F79EFBC}") = "APIDoc.Web", "APIDoc.Web\APIDoc.Web.csproj", "{34C97A8B-3312-4B07-ADD3-CD0D8EFE6B12}"
EndProject
Project("{FAE04EC0-301F-11D3-BF4B-00C04F79EFBC}") = "APIDoc.Model", "APIDoc.Model\APIDoc.Model.csproj", "{DFAA363A-B22F-48D0-914A-65E5A92B1F01}"
EndProject
Project("{FAE04EC0-301F-11D3-BF4B-00C04F79EFBC}") = "APIDoc.IDAL", "APIDoc.IDAL\APIDoc.IDAL.csproj", "{DB5A63D0-6C73-43E0-9C0A-A86C41AE6963}"
EndProject
Project("{FAE04EC0-301F-11D3-BF4B-00C04F79EFBC}") = "DBUtility", "DBUtility\DBUtility.csproj", "{EEEFA4CC-BD8B-40F1-A954-14783ED1007B}"
EndProject
Project("{FAE04EC0-301F-11D3-BF4B-00C04F79EFBC}") = "APIDoc.DALFactory", "APIDoc.DALFactory\APIDoc.DALFactory.csproj", "{3CA7CDE7-7275-4EEA-AAF9-80037BC98AB8}"
EndProject
Project("{00D1A9C2-B5F0-4AF3-8072-F6C62B433612}") = "APIDoc.Database", "APIDoc.Database\APIDoc.Database.sqlproj", "{1448197D-ECF4-4B1D-BEA4-FB3A4260768C}"
EndProject
Project("{FAE04EC0-301F-11D3-BF4B-00C04F79EFBC}") = "APIDoc.DAL.SQLServer", "APIDoc.DAL.SQLServer\APIDoc.DAL.SQLServer.csproj", "{9493E0DA-489E-41B5-84C5-75808F1AABBB}"
EndProject
Global
	GlobalSection(SolutionConfigurationPlatforms) = preSolution
		Debug|Any CPU = Debug|Any CPU
		Release|Any CPU = Release|Any CPU
	EndGlobalSection
	GlobalSection(ProjectConfigurationPlatforms) = postSolution
		{A44DB1EE-6704-406A-98A6-7C5B2221BE81}.Debug|Any CPU.ActiveCfg = Debug|Any CPU
		{A44DB1EE-6704-406A-98A6-7C5B2221BE81}.Debug|Any CPU.Build.0 = Debug|Any CPU
		{A44DB1EE-6704-406A-98A6-7C5B2221BE81}.Release|Any CPU.ActiveCfg = Release|Any CPU
		{A44DB1EE-6704-406A-98A6-7C5B2221BE81}.Release|Any CPU.Build.0 = Release|Any CPU
		{BC265F99-01A6-4267-9569-81271E10FEBA}.Debug|Any CPU.ActiveCfg = Debug|Any CPU
		{BC265F99-01A6-4267-9569-81271E10FEBA}.Debug|Any CPU.Build.0 = Debug|Any CPU
		{BC265F99-01A6-4267-9569-81271E10FEBA}.Release|Any CPU.ActiveCfg = Release|Any CPU
		{BC265F99-01A6-4267-9569-81271E10FEBA}.Release|Any CPU.Build.0 = Release|Any CPU
		{21FE8D1B-A188-4018-A287-6660C6A1AFC8}.Debug|Any CPU.ActiveCfg = Debug|Any CPU
		{21FE8D1B-A188-4018-A287-6660C6A1AFC8}.Debug|Any CPU.Build.0 = Debug|Any CPU
		{21FE8D1B-A188-4018-A287-6660C6A1AFC8}.Release|Any CPU.ActiveCfg = Release|Any CPU
		{21FE8D1B-A188-4018-A287-6660C6A1AFC8}.Release|Any CPU.Build.0 = Release|Any CPU
		{31713D6D-5151-436C-8CEA-98D0C0C5D258}.Debug|Any CPU.ActiveCfg = Debug|Any CPU
		{31713D6D-5151-436C-8CEA-98D0C0C5D258}.Debug|Any CPU.Build.0 = Debug|Any CPU
		{31713D6D-5151-436C-8CEA-98D0C0C5D258}.Release|Any CPU.ActiveCfg = Release|Any CPU
		{31713D6D-5151-436C-8CEA-98D0C0C5D258}.Release|Any CPU.Build.0 = Release|Any CPU
		{11CF19FE-0ACD-40C8-94F5-792C02B1914C}.Debug|Any CPU.ActiveCfg = Debug|Any CPU
		{11CF19FE-0ACD-40C8-94F5-792C02B1914C}.Debug|Any CPU.Build.0 = Debug|Any CPU
		{11CF19FE-0ACD-40C8-94F5-792C02B1914C}.Release|Any CPU.ActiveCfg = Release|Any CPU
		{11CF19FE-0ACD-40C8-94F5-792C02B1914C}.Release|Any CPU.Build.0 = Release|Any CPU
		{AD7217F4-850A-4595-A7B5-84866946AE5B}.Debug|Any CPU.ActiveCfg = Debug|Any CPU
		{AD7217F4-850A-4595-A7B5-84866946AE5B}.Debug|Any CPU.Build.0 = Debug|Any CPU
		{AD7217F4-850A-4595-A7B5-84866946AE5B}.Release|Any CPU.ActiveCfg = Release|Any CPU
		{AD7217F4-850A-4595-A7B5-84866946AE5B}.Release|Any CPU.Build.0 = Release|Any CPU
		{34C97A8B-3312-4B07-ADD3-CD0D8EFE6B12}.Debug|Any CPU.ActiveCfg = Debug|Any CPU
		{34C97A8B-3312-4B07-ADD3-CD0D8EFE6B12}.Debug|Any CPU.Build.0 = Debug|Any CPU
		{34C97A8B-3312-4B07-ADD3-CD0D8EFE6B12}.Release|Any CPU.ActiveCfg = Release|Any CPU
		{34C97A8B-3312-4B07-ADD3-CD0D8EFE6B12}.Release|Any CPU.Build.0 = Release|Any CPU
		{DFAA363A-B22F-48D0-914A-65E5A92B1F01}.Debug|Any CPU.ActiveCfg = Debug|Any CPU
		{DFAA363A-B22F-48D0-914A-65E5A92B1F01}.Debug|Any CPU.Build.0 = Debug|Any CPU
		{DFAA363A-B22F-48D0-914A-65E5A92B1F01}.Release|Any CPU.ActiveCfg = Release|Any CPU
		{DFAA363A-B22F-48D0-914A-65E5A92B1F01}.Release|Any CPU.Build.0 = Release|Any CPU
		{DB5A63D0-6C73-43E0-9C0A-A86C41AE6963}.Debug|Any CPU.ActiveCfg = Debug|Any CPU
		{DB5A63D0-6C73-43E0-9C0A-A86C41AE6963}.Debug|Any CPU.Build.0 = Debug|Any CPU
		{DB5A63D0-6C73-43E0-9C0A-A86C41AE6963}.Release|Any CPU.ActiveCfg = Release|Any CPU
		{DB5A63D0-6C73-43E0-9C0A-A86C41AE6963}.Release|Any CPU.Build.0 = Release|Any CPU
		{EEEFA4CC-BD8B-40F1-A954-14783ED1007B}.Debug|Any CPU.ActiveCfg = Debug|Any CPU
		{EEEFA4CC-BD8B-40F1-A954-14783ED1007B}.Debug|Any CPU.Build.0 = Debug|Any CPU
		{EEEFA4CC-BD8B-40F1-A954-14783ED1007B}.Release|Any CPU.ActiveCfg = Release|Any CPU
		{EEEFA4CC-BD8B-40F1-A954-14783ED1007B}.Release|Any CPU.Build.0 = Release|Any CPU
		{3CA7CDE7-7275-4EEA-AAF9-80037BC98AB8}.Debug|Any CPU.ActiveCfg = Debug|Any CPU
		{3CA7CDE7-7275-4EEA-AAF9-80037BC98AB8}.Debug|Any CPU.Build.0 = Debug|Any CPU
		{3CA7CDE7-7275-4EEA-AAF9-80037BC98AB8}.Release|Any CPU.ActiveCfg = Release|Any CPU
		{3CA7CDE7-7275-4EEA-AAF9-80037BC98AB8}.Release|Any CPU.Build.0 = Release|Any CPU
		{1448197D-ECF4-4B1D-BEA4-FB3A4260768C}.Debug|Any CPU.ActiveCfg = Debug|Any CPU
		{1448197D-ECF4-4B1D-BEA4-FB3A4260768C}.Debug|Any CPU.Build.0 = Debug|Any CPU
		{1448197D-ECF4-4B1D-BEA4-FB3A4260768C}.Debug|Any CPU.Deploy.0 = Debug|Any CPU
		{1448197D-ECF4-4B1D-BEA4-FB3A4260768C}.Release|Any CPU.ActiveCfg = Release|Any CPU
		{1448197D-ECF4-4B1D-BEA4-FB3A4260768C}.Release|Any CPU.Build.0 = Release|Any CPU
		{1448197D-ECF4-4B1D-BEA4-FB3A4260768C}.Release|Any CPU.Deploy.0 = Release|Any CPU
		{9493E0DA-489E-41B5-84C5-75808F1AABBB}.Debug|Any CPU.ActiveCfg = Debug|Any CPU
		{9493E0DA-489E-41B5-84C5-75808F1AABBB}.Debug|Any CPU.Build.0 = Debug|Any CPU
		{9493E0DA-489E-41B5-84C5-75808F1AABBB}.Release|Any CPU.ActiveCfg = Release|Any CPU
		{9493E0DA-489E-41B5-84C5-75808F1AABBB}.Release|Any CPU.Build.0 = Release|Any CPU
	EndGlobalSection
	GlobalSection(SolutionProperties) = preSolution
		HideSolutionNode = FALSE
	EndGlobalSection
EndGlobal
